
Microsoft Visual Studio Solution File, Format Version 12.00
# Visual Studio Version 17
VisualStudioVersion = 17.6.33712.159
MinimumVisualStudioVersion = 10.0.40219.1
Project("{FAE04EC0-301F-11D3-BF4B-00C04F79EFBC}") = "Election Commision of Pakistan", "Election Commision of Pakistan\Election Commision of Pakistan.csproj", "{AA3168CD-E8BB-459D-8EC9-6DBA89BBD0DB}"
EndProject
Global
	GlobalSection(SolutionConfigurationPlatforms) = preSolution
		Debug|Any CPU = Debug|Any CPU
		Release|Any CPU = Release|Any CPU
	EndGlobalSection
	GlobalSection(ProjectConfigurationPlatforms) = postSolution
		{AA3168CD-E8BB-459D-8EC9-6DBA89BBD0DB}.Debug|Any CPU.ActiveCfg = Debug|Any CPU
		{AA3168CD-E8BB-459D-8EC9-6DBA89BBD0DB}.Debug|Any CPU.Build.0 = Debug|Any CPU
		{AA3168CD-E8BB-459D-8EC9-6DBA89BBD0DB}.Release|Any CPU.ActiveCfg = Release|Any CPU
		{AA3168CD-E8BB-459D-8EC9-6DBA89BBD0DB}.Release|Any CPU.Build.0 = Release|Any CPU
	EndGlobalSection
	GlobalSection(SolutionProperties) = preSolution
		HideSolutionNode = FALSE
	EndGlobalSection
	GlobalSection(ExtensibilityGlobals) = postSolution
		SolutionGuid = {97BB885D-7598-4AC6-BC94-B61DCA326967}
	EndGlobalSection
EndGlobal
